
Microsoft Visual Studio Solution File, Format Version 12.00
# Visual Studio Version 16
VisualStudioVersion = 16.0.30907.101
MinimumVisualStudioVersion = 10.0.40219.1
Project("{9A19103F-16F7-4668-BE54-9A1E7A4F7556}") = "Lislokred Web API", "Lislokred Web API\Lislokred Web API.csproj", "{A54597CA-6378-4B82-A35F-451F0D76B047}"
	ProjectSection(ProjectDependencies) = postProject
		{D1A16B80-2982-47B1-8918-A97213BCAB87} = {D1A16B80-2982-47B1-8918-A97213BCAB87}
	EndProjectSection
EndProject
Global
	GlobalSection(SolutionConfigurationPlatforms) = preSolution
		Debug|Any CPU = Debug|Any CPU
		Release|Any CPU = Release|Any CPU
	EndGlobalSection
	GlobalSection(ProjectConfigurationPlatforms) = postSolution
		{A54597CA-6378-4B82-A35F-451F0D76B047}.Debug|Any CPU.ActiveCfg = Debug|Any CPU
		{A54597CA-6378-4B82-A35F-451F0D76B047}.Debug|Any CPU.Build.0 = Debug|Any CPU
		{A54597CA-6378-4B82-A35F-451F0D76B047}.Release|Any CPU.ActiveCfg = Release|Any CPU
		{A54597CA-6378-4B82-A35F-451F0D76B047}.Release|Any CPU.Build.0 = Release|Any CPU
	EndGlobalSection
	GlobalSection(SolutionProperties) = preSolution
		HideSolutionNode = FALSE
	EndGlobalSection
	GlobalSection(ExtensibilityGlobals) = postSolution
		SolutionGuid = {E4C92862-A4F2-4EBB-B5B3-0B19F3D5E281}
	EndGlobalSection
EndGlobal
